{
  "name": "game",
  "version": "1.0.0",
  "lockfileVersion": 2,
  "requires": true,
  "packages": {
    "": {
      "version": "1.0.0",
      "license": "ISC",
      "dependencies": {
        "matter-js": "^0.16.1",
        "three": "^0.125.2"
      }
    },
    "node_modules/matter-js": {
      "version": "0.16.1",
      "resolved": "https://registry.npmjs.org/matter-js/-/matter-js-0.16.1.tgz",
      "integrity": "sha512-P3nvyqTa7xxNOYbTtFVQFj9z9nf4Lyo9uHvncEXEUnyxYl4ntSjlnU73/ejFH6IUxpekDR9wqpnA1WvRdQ9B6A=="
    },
    "node_modules/three": {
      "version": "0.125.2",
      "resolved": "https://registry.npmjs.org/three/-/three-0.125.2.tgz",
      "integrity": "sha512-7rIRO23jVKWcAPFdW/HREU2NZMGWPBZ4XwEMt0Ak0jwLUKVJhcKM55eCBWyGZq/KiQbeo1IeuAoo/9l2dzhTXA=="
    }
  },
  "dependencies": {
    "matter-js": {
      "version": "0.16.1",
      "resolved": "https://registry.npmjs.org/matter-js/-/matter-js-0.16.1.tgz",
      "integrity": "sha512-P3nvyqTa7xxNOYbTtFVQFj9z9nf4Lyo9uHvncEXEUnyxYl4ntSjlnU73/ejFH6IUxpekDR9wqpnA1WvRdQ9B6A=="
    },
    "three": {
      "version": "0.125.2",
      "resolved": "https://registry.npmjs.org/three/-/three-0.125.2.tgz",
      "integrity": "sha512-7rIRO23jVKWcAPFdW/HREU2NZMGWPBZ4XwEMt0Ak0jwLUKVJhcKM55eCBWyGZq/KiQbeo1IeuAoo/9l2dzhTXA=="
    }
  }
}
